# Generated by pub
# See https://dart.dev/tools/pub/glossary#lockfile
packages:
  lint:
    dependency: "direct main"
    description:
      name: lint
      sha256: "3e9343b1cededcfb1e8b40d0dbd3592b7a1c6c0121545663a991433390c2bc97"
      url: "https://pub.dev"
    source: hosted
    version: "2.0.1"
sdks:
  dart: ">=2.18.0 <4.0.0"
